version: 2.0
shards:
  baked_file_system:
    git: https://github.com/schovi/baked_file_system.git
    version: 0.9.8+git.commit.7183bfde8d86a976a6912f582b51cbd1783456af

  callback:
    git: https://github.com/amberframework/callback.git
    version: 0.7.1

  cli:
    git: https://github.com/amberframework/cli.git
    version: 0.9.3

  optarg:
    git: https://github.com/amberframework/optarg.git
    version: 0.8.0

  string_inflection:
    git: https://github.com/mosop/string_inflection.git
    version: 0.2.1

